
Microsoft Visual Studio Solution File, Format Version 12.00
# Visual Studio Version 17
VisualStudioVersion = 17.4.33103.184
MinimumVisualStudioVersion = 10.0.40219.1
Project("{FAE04EC0-301F-11D3-BF4B-00C04F79EFBC}") = "Tetris_Game", "Tetris_Game\Tetris_Game.csproj", "{A855AF5A-0393-459F-AE03-C486C8C0AC40}"
EndProject
Global
	GlobalSection(SolutionConfigurationPlatforms) = preSolution
		Debug|Any CPU = Debug|Any CPU
		Release|Any CPU = Release|Any CPU
	EndGlobalSection
	GlobalSection(ProjectConfigurationPlatforms) = postSolution
		{A855AF5A-0393-459F-AE03-C486C8C0AC40}.Debug|Any CPU.ActiveCfg = Debug|Any CPU
		{A855AF5A-0393-459F-AE03-C486C8C0AC40}.Debug|Any CPU.Build.0 = Debug|Any CPU
		{A855AF5A-0393-459F-AE03-C486C8C0AC40}.Release|Any CPU.ActiveCfg = Release|Any CPU
		{A855AF5A-0393-459F-AE03-C486C8C0AC40}.Release|Any CPU.Build.0 = Release|Any CPU
	EndGlobalSection
	GlobalSection(SolutionProperties) = preSolution
		HideSolutionNode = FALSE
	EndGlobalSection
	GlobalSection(ExtensibilityGlobals) = postSolution
		SolutionGuid = {7AB30EDF-7196-48FE-8B02-AB0B9EF20E07}
	EndGlobalSection
EndGlobal
